{
    "_readme": [
        "This file locks the dependencies of your project to a known state",
        "Read more about it at https://getcomposer.org/doc/01-basic-usage.md#composer-lock-the-lock-file",
        "This file is @generated automatically"
    ],
    "hash": "087093dc79f580f97bce860ee92ff51b",
    "content-hash": "a3337e99382640107892ab9b5cca832c",
    "packages": [
        {
            "name": "jpuck/etl",
            "version": "0.6.0",
            "source": {
                "type": "git",
                "url": "https://github.com/jpuck/etl.git",
                "reference": "ecfe27ef21b6f06f42340f0960e18457f95f51c0"
            },
            "dist": {
                "type": "zip",
                "url": "https://api.github.com/repos/jpuck/etl/zipball/ecfe27ef21b6f06f42340f0960e18457f95f51c0",
                "reference": "ecfe27ef21b6f06f42340f0960e18457f95f51c0",
                "shasum": ""
            },
            "require": {
                "jpuck/phpdev": "^1.3",
                "php": "^7.0",
                "sabre/xml": "^1.4"
            },
            "require-dev": {
                "phpunit/phpunit": "^5.5"
            },
            "bin": [
                "bin/jpetl"
            ],
            "type": "library",
            "autoload": {
                "psr-4": {
                    "jpuck\\etl\\": "src/"
                }
            },
            "notification-url": "https://packagist.org/downloads/",
            "license": [
                "GPL-3.0+"
            ],
            "authors": [
                {
                    "name": "Jeff Puckett",
                    "email": "jeff@jeffpuckett.com"
                }
            ],
            "description": "Tools for extract, transform, and load processes.",
            "time": "2016-11-02 14:50:20"
        },
        {
            "name": "jpuck/phpdev",
            "version": "1.4.0",
            "source": {
                "type": "git",
                "url": "https://github.com/jpuck/phpdev.git",
                "reference": "69b9fc16eaf20d5306678fa69f1df808544de217"
            },
            "dist": {
                "type": "zip",
                "url": "https://api.github.com/repos/jpuck/phpdev/zipball/69b9fc16eaf20d5306678fa69f1df808544de217",
                "reference": "69b9fc16eaf20d5306678fa69f1df808544de217",
                "shasum": ""
            },
            "require": {
                "php": "^7.0"
            },
            "require-dev": {
                "phpunit/phpunit": "^5.5"
            },
            "type": "library",
            "autoload": {
                "psr-4": {
                    "jpuck\\phpdev\\": "src/"
                }
            },
            "notification-url": "https://packagist.org/downloads/",
            "license": [
                "MIT"
            ],
            "authors": [
                {
                    "name": "Jeff Puckett",
                    "email": "jeff@jeffpuckett.com"
                }
            ],
            "description": "A collection of classes useful for code under construction.",
            "time": "2016-10-16 20:40:05"
        },
        {
            "name": "sabre/uri",
            "version": "2.0.1",
            "source": {
                "type": "git",
                "url": "https://github.com/fruux/sabre-uri.git",
                "reference": "ac3f8f47576324da558f427d171938baa557020f"
            },
            "dist": {
                "type": "zip",
                "url": "https://api.github.com/repos/fruux/sabre-uri/zipball/ac3f8f47576324da558f427d171938baa557020f",
                "reference": "ac3f8f47576324da558f427d171938baa557020f",
                "shasum": ""
            },
            "require": {
                "php": ">=7"
            },
            "require-dev": {
                "phpunit/phpunit": "*",
                "sabre/cs": "~1.0.0"
            },
            "type": "library",
            "autoload": {
                "files": [
                    "lib/functions.php"
                ],
                "psr-4": {
                    "Sabre\\Uri\\": "lib/"
                }
            },
            "notification-url": "https://packagist.org/downloads/",
            "license": [
                "BSD-3-Clause"
            ],
            "authors": [
                {
                    "name": "Evert Pot",
                    "email": "me@evertpot.com",
                    "homepage": "http://evertpot.com/",
                    "role": "Developer"
                }
            ],
            "description": "Functions for making sense out of URIs.",
            "homepage": "http://sabre.io/uri/",
            "keywords": [
                "rfc3986",
                "uri",
                "url"
            ],
            "time": "2016-10-27 04:23:58"
        },
        {
            "name": "sabre/xml",
            "version": "1.5.0",
            "source": {
                "type": "git",
                "url": "https://github.com/fruux/sabre-xml.git",
                "reference": "59b20e5bbace9912607481634f97d05a776ffca7"
            },
            "dist": {
                "type": "zip",
                "url": "https://api.github.com/repos/fruux/sabre-xml/zipball/59b20e5bbace9912607481634f97d05a776ffca7",
                "reference": "59b20e5bbace9912607481634f97d05a776ffca7",
                "shasum": ""
            },
            "require": {
                "ext-dom": "*",
                "ext-xmlreader": "*",
                "ext-xmlwriter": "*",
                "lib-libxml": ">=2.6.20",
                "php": ">=5.5.5",
                "sabre/uri": ">=1.0,<3.0.0"
            },
            "require-dev": {
                "phpunit/phpunit": "*",
                "sabre/cs": "~1.0.0"
            },
            "type": "library",
            "autoload": {
                "psr-4": {
                    "Sabre\\Xml\\": "lib/"
                },
                "files": [
                    "lib/Deserializer/functions.php",
                    "lib/Serializer/functions.php"
                ]
            },
            "notification-url": "https://packagist.org/downloads/",
            "license": [
                "BSD-3-Clause"
            ],
            "authors": [
                {
                    "name": "Evert Pot",
                    "email": "me@evertpot.com",
                    "homepage": "http://evertpot.com/",
                    "role": "Developer"
                },
                {
                    "name": "Markus Staab",
                    "email": "markus.staab@redaxo.de",
                    "role": "Developer"
                }
            ],
            "description": "sabre/xml is an XML library that you may not hate.",
            "homepage": "https://sabre.io/xml/",
            "keywords": [
                "XMLReader",
                "XMLWriter",
                "dom",
                "xml"
            ],
            "time": "2016-10-09 22:57:52"
        }
    ],
    "packages-dev": [],
    "aliases": [],
    "minimum-stability": "stable",
    "stability-flags": [],
    "prefer-stable": false,
    "prefer-lowest": false,
    "platform": [],
    "platform-dev": []
}
